
Microsoft Visual Studio Solution File, Format Version 12.00
# Visual Studio 14
VisualStudioVersion = 14.0.25420.1
MinimumVisualStudioVersion = 10.0.40219.1
Project("{8BC9CEB8-8B4A-11D0-8D11-00A0C91BC942}") = "LogicalEoPWorkshopDriver", "LogicalEoPWorkshopDriver\LogicalEoPWorkshopDriver.vcxproj", "{B0D7479B-BC8B-4064-84DE-799468027964}"
EndProject
Project("{8BC9CEB8-8B4A-11D0-8D11-00A0C91BC942}") = "DemoClient", "DemoClient\DemoClient.vcxproj", "{C952A4DF-56E4-40A5-92EA-75D03B9C1EAC}"
EndProject
Project("{8BC9CEB8-8B4A-11D0-8D11-00A0C91BC942}") = "RpcServer", "RpcServer\RpcServer.vcxproj", "{96696C5F-CF3F-4E69-B860-BC14DBBFA86B}"
EndProject
Project("{FAE04EC0-301F-11D3-BF4B-00C04F79EFBC}") = "COMServer", "COMServer\COMServer.csproj", "{AA1C1FA9-65B0-42E6-AD11-95E2B7399E77}"
EndProject
Project("{8BC9CEB8-8B4A-11D0-8D11-00A0C91BC942}") = "TestDll", "TestDll\TestDll.vcxproj", "{622DE1D4-84B5-42C4-9260-949A39ACBBE6}"
EndProject
Project("{FAE04EC0-301F-11D3-BF4B-00C04F79EFBC}") = "CopyFile", "CopyFile\CopyFile.csproj", "{8A9CEEC2-1D62-47F2-90DD-95AF3C0BA976}"
EndProject
Project("{8BC9CEB8-8B4A-11D0-8D11-00A0C91BC942}") = "DummyExe", "DummyExe\DummyExe.vcxproj", "{9D7A4517-9A9F-43BF-A8D0-E23DF565007B}"
EndProject
Global
	GlobalSection(SolutionConfigurationPlatforms) = preSolution
		Debug|Any CPU = Debug|Any CPU
		Debug|ARM = Debug|ARM
		Debug|ARM64 = Debug|ARM64
		Debug|x64 = Debug|x64
		Debug|x86 = Debug|x86
		Release|Any CPU = Release|Any CPU
		Release|ARM = Release|ARM
		Release|ARM64 = Release|ARM64
		Release|x64 = Release|x64
		Release|x86 = Release|x86
	EndGlobalSection
	GlobalSection(ProjectConfigurationPlatforms) = postSolution
		{B0D7479B-BC8B-4064-84DE-799468027964}.Debug|Any CPU.ActiveCfg = Debug|Win32
		{B0D7479B-BC8B-4064-84DE-799468027964}.Debug|ARM.ActiveCfg = Debug|ARM
		{B0D7479B-BC8B-4064-84DE-799468027964}.Debug|ARM.Build.0 = Debug|ARM
		{B0D7479B-BC8B-4064-84DE-799468027964}.Debug|ARM.Deploy.0 = Debug|ARM
		{B0D7479B-BC8B-4064-84DE-799468027964}.Debug|ARM64.ActiveCfg = Debug|ARM64
		{B0D7479B-BC8B-4064-84DE-799468027964}.Debug|ARM64.Build.0 = Debug|ARM64
		{B0D7479B-BC8B-4064-84DE-799468027964}.Debug|ARM64.Deploy.0 = Debug|ARM64
		{B0D7479B-BC8B-4064-84DE-799468027964}.Debug|x64.ActiveCfg = Debug|x64
		{B0D7479B-BC8B-4064-84DE-799468027964}.Debug|x64.Build.0 = Debug|x64
		{B0D7479B-BC8B-4064-84DE-799468027964}.Debug|x64.Deploy.0 = Debug|x64
		{B0D7479B-BC8B-4064-84DE-799468027964}.Debug|x86.ActiveCfg = Debug|Win32
		{B0D7479B-BC8B-4064-84DE-799468027964}.Release|Any CPU.ActiveCfg = Release|Win32
		{B0D7479B-BC8B-4064-84DE-799468027964}.Release|ARM.ActiveCfg = Release|ARM
		{B0D7479B-BC8B-4064-84DE-799468027964}.Release|ARM.Build.0 = Release|ARM
		{B0D7479B-BC8B-4064-84DE-799468027964}.Release|ARM.Deploy.0 = Release|ARM
		{B0D7479B-BC8B-4064-84DE-799468027964}.Release|ARM64.ActiveCfg = Release|ARM64
		{B0D7479B-BC8B-4064-84DE-799468027964}.Release|ARM64.Build.0 = Release|ARM64
		{B0D7479B-BC8B-4064-84DE-799468027964}.Release|ARM64.Deploy.0 = Release|ARM64
		{B0D7479B-BC8B-4064-84DE-799468027964}.Release|x64.ActiveCfg = Release|x64
		{B0D7479B-BC8B-4064-84DE-799468027964}.Release|x64.Build.0 = Release|x64
		{B0D7479B-BC8B-4064-84DE-799468027964}.Release|x64.Deploy.0 = Release|x64
		{B0D7479B-BC8B-4064-84DE-799468027964}.Release|x86.ActiveCfg = Release|Win32
		{C952A4DF-56E4-40A5-92EA-75D03B9C1EAC}.Debug|Any CPU.ActiveCfg = Debug|Win32
		{C952A4DF-56E4-40A5-92EA-75D03B9C1EAC}.Debug|ARM.ActiveCfg = Debug|Win32
		{C952A4DF-56E4-40A5-92EA-75D03B9C1EAC}.Debug|ARM64.ActiveCfg = Debug|Win32
		{C952A4DF-56E4-40A5-92EA-75D03B9C1EAC}.Debug|x64.ActiveCfg = Debug|Win32
		{C952A4DF-56E4-40A5-92EA-75D03B9C1EAC}.Debug|x86.ActiveCfg = Debug|Win32
		{C952A4DF-56E4-40A5-92EA-75D03B9C1EAC}.Debug|x86.Build.0 = Debug|Win32
		{C952A4DF-56E4-40A5-92EA-75D03B9C1EAC}.Release|Any CPU.ActiveCfg = Release|Win32
		{C952A4DF-56E4-40A5-92EA-75D03B9C1EAC}.Release|ARM.ActiveCfg = Release|Win32
		{C952A4DF-56E4-40A5-92EA-75D03B9C1EAC}.Release|ARM64.ActiveCfg = Release|Win32
		{C952A4DF-56E4-40A5-92EA-75D03B9C1EAC}.Release|x64.ActiveCfg = Release|Win32
		{C952A4DF-56E4-40A5-92EA-75D03B9C1EAC}.Release|x64.Build.0 = Release|Win32
		{C952A4DF-56E4-40A5-92EA-75D03B9C1EAC}.Release|x86.ActiveCfg = Release|Win32
		{C952A4DF-56E4-40A5-92EA-75D03B9C1EAC}.Release|x86.Build.0 = Release|Win32
		{96696C5F-CF3F-4E69-B860-BC14DBBFA86B}.Debug|Any CPU.ActiveCfg = Debug|Win32
		{96696C5F-CF3F-4E69-B860-BC14DBBFA86B}.Debug|ARM.ActiveCfg = Debug|Win32
		{96696C5F-CF3F-4E69-B860-BC14DBBFA86B}.Debug|ARM64.ActiveCfg = Debug|Win32
		{96696C5F-CF3F-4E69-B860-BC14DBBFA86B}.Debug|x64.ActiveCfg = Debug|Win32
		{96696C5F-CF3F-4E69-B860-BC14DBBFA86B}.Debug|x86.ActiveCfg = Debug|Win32
		{96696C5F-CF3F-4E69-B860-BC14DBBFA86B}.Debug|x86.Build.0 = Debug|Win32
		{96696C5F-CF3F-4E69-B860-BC14DBBFA86B}.Release|Any CPU.ActiveCfg = Release|Win32
		{96696C5F-CF3F-4E69-B860-BC14DBBFA86B}.Release|ARM.ActiveCfg = Release|Win32
		{96696C5F-CF3F-4E69-B860-BC14DBBFA86B}.Release|ARM64.ActiveCfg = Release|Win32
		{96696C5F-CF3F-4E69-B860-BC14DBBFA86B}.Release|x64.ActiveCfg = Release|Win32
		{96696C5F-CF3F-4E69-B860-BC14DBBFA86B}.Release|x64.Build.0 = Release|Win32
		{96696C5F-CF3F-4E69-B860-BC14DBBFA86B}.Release|x86.ActiveCfg = Release|Win32
		{96696C5F-CF3F-4E69-B860-BC14DBBFA86B}.Release|x86.Build.0 = Release|Win32
		{AA1C1FA9-65B0-42E6-AD11-95E2B7399E77}.Debug|Any CPU.ActiveCfg = Debug|Any CPU
		{AA1C1FA9-65B0-42E6-AD11-95E2B7399E77}.Debug|Any CPU.Build.0 = Debug|Any CPU
		{AA1C1FA9-65B0-42E6-AD11-95E2B7399E77}.Debug|ARM.ActiveCfg = Debug|Any CPU
		{AA1C1FA9-65B0-42E6-AD11-95E2B7399E77}.Debug|ARM.Build.0 = Debug|Any CPU
		{AA1C1FA9-65B0-42E6-AD11-95E2B7399E77}.Debug|ARM64.ActiveCfg = Debug|Any CPU
		{AA1C1FA9-65B0-42E6-AD11-95E2B7399E77}.Debug|ARM64.Build.0 = Debug|Any CPU
		{AA1C1FA9-65B0-42E6-AD11-95E2B7399E77}.Debug|x64.ActiveCfg = Debug|Any CPU
		{AA1C1FA9-65B0-42E6-AD11-95E2B7399E77}.Debug|x64.Build.0 = Debug|Any CPU
		{AA1C1FA9-65B0-42E6-AD11-95E2B7399E77}.Debug|x86.ActiveCfg = Debug|Any CPU
		{AA1C1FA9-65B0-42E6-AD11-95E2B7399E77}.Debug|x86.Build.0 = Debug|Any CPU
		{AA1C1FA9-65B0-42E6-AD11-95E2B7399E77}.Release|Any CPU.ActiveCfg = Release|Any CPU
		{AA1C1FA9-65B0-42E6-AD11-95E2B7399E77}.Release|Any CPU.Build.0 = Release|Any CPU
		{AA1C1FA9-65B0-42E6-AD11-95E2B7399E77}.Release|ARM.ActiveCfg = Release|Any CPU
		{AA1C1FA9-65B0-42E6-AD11-95E2B7399E77}.Release|ARM.Build.0 = Release|Any CPU
		{AA1C1FA9-65B0-42E6-AD11-95E2B7399E77}.Release|ARM64.ActiveCfg = Release|Any CPU
		{AA1C1FA9-65B0-42E6-AD11-95E2B7399E77}.Release|ARM64.Build.0 = Release|Any CPU
		{AA1C1FA9-65B0-42E6-AD11-95E2B7399E77}.Release|x64.ActiveCfg = Release|Any CPU
		{AA1C1FA9-65B0-42E6-AD11-95E2B7399E77}.Release|x64.Build.0 = Release|Any CPU
		{AA1C1FA9-65B0-42E6-AD11-95E2B7399E77}.Release|x86.ActiveCfg = Release|Any CPU
		{AA1C1FA9-65B0-42E6-AD11-95E2B7399E77}.Release|x86.Build.0 = Release|Any CPU
		{622DE1D4-84B5-42C4-9260-949A39ACBBE6}.Debug|Any CPU.ActiveCfg = Debug|Win32
		{622DE1D4-84B5-42C4-9260-949A39ACBBE6}.Debug|ARM.ActiveCfg = Debug|Win32
		{622DE1D4-84B5-42C4-9260-949A39ACBBE6}.Debug|ARM64.ActiveCfg = Debug|Win32
		{622DE1D4-84B5-42C4-9260-949A39ACBBE6}.Debug|x64.ActiveCfg = Debug|x64
		{622DE1D4-84B5-42C4-9260-949A39ACBBE6}.Debug|x64.Build.0 = Debug|x64
		{622DE1D4-84B5-42C4-9260-949A39ACBBE6}.Debug|x86.ActiveCfg = Debug|Win32
		{622DE1D4-84B5-42C4-9260-949A39ACBBE6}.Debug|x86.Build.0 = Debug|Win32
		{622DE1D4-84B5-42C4-9260-949A39ACBBE6}.Release|Any CPU.ActiveCfg = Release|Win32
		{622DE1D4-84B5-42C4-9260-949A39ACBBE6}.Release|ARM.ActiveCfg = Release|Win32
		{622DE1D4-84B5-42C4-9260-949A39ACBBE6}.Release|ARM64.ActiveCfg = Release|Win32
		{622DE1D4-84B5-42C4-9260-949A39ACBBE6}.Release|x64.ActiveCfg = Release|x64
		{622DE1D4-84B5-42C4-9260-949A39ACBBE6}.Release|x64.Build.0 = Release|x64
		{622DE1D4-84B5-42C4-9260-949A39ACBBE6}.Release|x86.ActiveCfg = Release|Win32
		{622DE1D4-84B5-42C4-9260-949A39ACBBE6}.Release|x86.Build.0 = Release|Win32
		{8A9CEEC2-1D62-47F2-90DD-95AF3C0BA976}.Debug|Any CPU.ActiveCfg = Debug|Any CPU
		{8A9CEEC2-1D62-47F2-90DD-95AF3C0BA976}.Debug|Any CPU.Build.0 = Debug|Any CPU
		{8A9CEEC2-1D62-47F2-90DD-95AF3C0BA976}.Debug|ARM.ActiveCfg = Debug|Any CPU
		{8A9CEEC2-1D62-47F2-90DD-95AF3C0BA976}.Debug|ARM.Build.0 = Debug|Any CPU
		{8A9CEEC2-1D62-47F2-90DD-95AF3C0BA976}.Debug|ARM64.ActiveCfg = Debug|Any CPU
		{8A9CEEC2-1D62-47F2-90DD-95AF3C0BA976}.Debug|ARM64.Build.0 = Debug|Any CPU
		{8A9CEEC2-1D62-47F2-90DD-95AF3C0BA976}.Debug|x64.ActiveCfg = Debug|Any CPU
		{8A9CEEC2-1D62-47F2-90DD-95AF3C0BA976}.Debug|x64.Build.0 = Debug|Any CPU
		{8A9CEEC2-1D62-47F2-90DD-95AF3C0BA976}.Debug|x86.ActiveCfg = Debug|Any CPU
		{8A9CEEC2-1D62-47F2-90DD-95AF3C0BA976}.Debug|x86.Build.0 = Debug|Any CPU
		{8A9CEEC2-1D62-47F2-90DD-95AF3C0BA976}.Release|Any CPU.ActiveCfg = Release|Any CPU
		{8A9CEEC2-1D62-47F2-90DD-95AF3C0BA976}.Release|Any CPU.Build.0 = Release|Any CPU
		{8A9CEEC2-1D62-47F2-90DD-95AF3C0BA976}.Release|ARM.ActiveCfg = Release|Any CPU
		{8A9CEEC2-1D62-47F2-90DD-95AF3C0BA976}.Release|ARM.Build.0 = Release|Any CPU
		{8A9CEEC2-1D62-47F2-90DD-95AF3C0BA976}.Release|ARM64.ActiveCfg = Release|Any CPU
		{8A9CEEC2-1D62-47F2-90DD-95AF3C0BA976}.Release|ARM64.Build.0 = Release|Any CPU
		{8A9CEEC2-1D62-47F2-90DD-95AF3C0BA976}.Release|x64.ActiveCfg = Release|Any CPU
		{8A9CEEC2-1D62-47F2-90DD-95AF3C0BA976}.Release|x64.Build.0 = Release|Any CPU
		{8A9CEEC2-1D62-47F2-90DD-95AF3C0BA976}.Release|x86.ActiveCfg = Release|Any CPU
		{8A9CEEC2-1D62-47F2-90DD-95AF3C0BA976}.Release|x86.Build.0 = Release|Any CPU
		{9D7A4517-9A9F-43BF-A8D0-E23DF565007B}.Debug|Any CPU.ActiveCfg = Debug|Win32
		{9D7A4517-9A9F-43BF-A8D0-E23DF565007B}.Debug|ARM.ActiveCfg = Debug|Win32
		{9D7A4517-9A9F-43BF-A8D0-E23DF565007B}.Debug|ARM64.ActiveCfg = Debug|Win32
		{9D7A4517-9A9F-43BF-A8D0-E23DF565007B}.Debug|x64.ActiveCfg = Debug|x64
		{9D7A4517-9A9F-43BF-A8D0-E23DF565007B}.Debug|x64.Build.0 = Debug|x64
		{9D7A4517-9A9F-43BF-A8D0-E23DF565007B}.Debug|x86.ActiveCfg = Debug|Win32
		{9D7A4517-9A9F-43BF-A8D0-E23DF565007B}.Debug|x86.Build.0 = Debug|Win32
		{9D7A4517-9A9F-43BF-A8D0-E23DF565007B}.Release|Any CPU.ActiveCfg = Release|Win32
		{9D7A4517-9A9F-43BF-A8D0-E23DF565007B}.Release|ARM.ActiveCfg = Release|Win32
		{9D7A4517-9A9F-43BF-A8D0-E23DF565007B}.Release|ARM64.ActiveCfg = Release|Win32
		{9D7A4517-9A9F-43BF-A8D0-E23DF565007B}.Release|x64.ActiveCfg = Release|x64
		{9D7A4517-9A9F-43BF-A8D0-E23DF565007B}.Release|x64.Build.0 = Release|x64
		{9D7A4517-9A9F-43BF-A8D0-E23DF565007B}.Release|x86.ActiveCfg = Release|Win32
		{9D7A4517-9A9F-43BF-A8D0-E23DF565007B}.Release|x86.Build.0 = Release|Win32
	EndGlobalSection
	GlobalSection(SolutionProperties) = preSolution
		HideSolutionNode = FALSE
	EndGlobalSection
EndGlobal
